
Microsoft Visual Studio Solution File, Format Version 12.00
# Visual Studio 15
VisualStudioVersion = 15.0.26730.12
MinimumVisualStudioVersion = 10.0.40219.1
Project("{FAE04EC0-301F-11D3-BF4B-00C04F79EFBC}") = "1050Final", "1050Final\1050Final.csproj", "{3E3E1EA4-3AFD-42E7-9AA6-E1A2A1C70BA3}"
EndProject
Global
	GlobalSection(SolutionConfigurationPlatforms) = preSolution
		Debug|Any CPU = Debug|Any CPU
		Release|Any CPU = Release|Any CPU
	EndGlobalSection
	GlobalSection(ProjectConfigurationPlatforms) = postSolution
		{3E3E1EA4-3AFD-42E7-9AA6-E1A2A1C70BA3}.Debug|Any CPU.ActiveCfg = Debug|Any CPU
		{3E3E1EA4-3AFD-42E7-9AA6-E1A2A1C70BA3}.Debug|Any CPU.Build.0 = Debug|Any CPU
		{3E3E1EA4-3AFD-42E7-9AA6-E1A2A1C70BA3}.Release|Any CPU.ActiveCfg = Release|Any CPU
		{3E3E1EA4-3AFD-42E7-9AA6-E1A2A1C70BA3}.Release|Any CPU.Build.0 = Release|Any CPU
	EndGlobalSection
	GlobalSection(SolutionProperties) = preSolution
		HideSolutionNode = FALSE
	EndGlobalSection
	GlobalSection(ExtensibilityGlobals) = postSolution
		SolutionGuid = {92EBA78F-26D2-406E-9FC5-5F3EE0F90C82}
	EndGlobalSection
EndGlobal
